{
  "name": "jsdos",
  "version": "1.0.0",
  "lockfileVersion": 3,
  "requires": true,
  "packages": {
    "": {
      "name": "jsdos",
      "version": "1.0.0",
      "license": "ISC",
      "dependencies": {
        "emulators": "^8.4.2"
      }
    },
    "node_modules/emulators": {
      "version": "8.4.2",
      "resolved": "https://registry.npmjs.org/emulators/-/emulators-8.4.2.tgz",
      "integrity": "sha512-oH6c89mcBF3TUABu31cVT0YSMHmTMMTQWgANNQ/+jNcJ0jHV68Ql5x1gZ+Csb7BUS+iCkY1pCVYbp09QDa+fMA=="
    }
  }
}
